{
  "nodes": {
    "finamp-src": {
      "flake": false,
      "locked": {
        "lastModified": 1791386699,
        "narHash": "sha256-MCc4INROKtAqTMElkTGeP9GUyQv1x8DP/3/CZLiunYc=",
        "owner": "UnicornsOnLSD",
        "repo": "finamp",
        "rev": "98e0f3e8827ca9f6cb7b581f97dbdbe5e1492de8",
        "type": "github"
      },
      "original": {
        "owner": "UnicornsOnLSD",
        "ref": "redesign",
        "repo": "finamp",
        "type": "github"
      }
    },
    "nixpkgs": {
      "locked": {
        "lastModified": 1791456040,
        "narHash": "sha256-H83yz/do+hjOO0uujHyH8RgtIQP2v7Mw+cLwcZK/xKc=",
        "owner": "NixOS",
        "repo": "nixpkgs",
        "rev": "e7439b6b14ad3cc35d05608ebca9bce01a25f5f8",
        "type": "github"
      },
      "original": {
        "owner": "NixOS",
        "ref": "nixos-unstable",
        "repo": "nixpkgs",
        "type": "github"
      }
    },
    "root": {
      "inputs": {
        "finamp-src": "finamp-src",
        "nixpkgs": "nixpkgs"
      }
    }
  },
  "root": "root",
  "version": 7
}
