{
  "nodes": {
    "finamp-src": {
      "flake": false,
      "locked": {
        "lastModified": 1791058432,
        "narHash": "sha256-hCW0wNxpZU9dl2urmXW4IKXR8zoMC3gcl3b6nwi08Yo=",
        "owner": "UnicornsOnLSD",
        "repo": "finamp",
        "rev": "847769cc87a8505189372d4896d1675b41ee53d1",
        "type": "github"
      },
      "original": {
        "owner": "UnicornsOnLSD",
        "ref": "redesign",
        "repo": "finamp",
        "type": "github"
      }
    },
    "nixpkgs": {
      "locked": {
        "lastModified": 1790822859,
        "narHash": "sha256-69xHQhAeMAD2wDXO7T2pcOZIF9Sga2W+JkmY2a11Ops=",
        "owner": "NixOS",
        "repo": "nixpkgs",
        "rev": "c59305bab2065cfecc4944690d9eedbb56f3a9fa",
        "type": "github"
      },
      "original": {
        "owner": "NixOS",
        "ref": "nixos-unstable",
        "repo": "nixpkgs",
        "type": "github"
      }
    },
    "root": {
      "inputs": {
        "finamp-src": "finamp-src",
        "nixpkgs": "nixpkgs"
      }
    }
  },
  "root": "root",
  "version": 7
}
